# This file is automatically @generated by Cargo.
# It is not intended for manual editing.
version = 3

[[package]]
name = "hello-world"
version = "1.0.1"
source = "sparse+https://cargo.cloudsmith.io/honeyankit/test/"
checksum = "8a55b58def1ecc7aa8590c7078f379ec9a85328363ffb81d4354314b132b95c4"

[[package]]
name = "test-group"
version = "0.1.0"
dependencies = [
 "hello-world",
]
